
Microsoft Visual Studio Solution File, Format Version 12.00
# Visual Studio Version 17
VisualStudioVersion = 17.14.36429.23 d17.14
MinimumVisualStudioVersion = 10.0.40219.1
Project("{FAE04EC0-301F-11D3-BF4B-00C04F79EFBC}") = "Povtorenie", "Povtorenie\Povtorenie.csproj", "{CA1166C9-272B-439A-803F-A1EE238F2A9C}"
EndProject
Global
	GlobalSection(SolutionConfigurationPlatforms) = preSolution
		Debug|Any CPU = Debug|Any CPU
		Release|Any CPU = Release|Any CPU
	EndGlobalSection
	GlobalSection(ProjectConfigurationPlatforms) = postSolution
		{CA1166C9-272B-439A-803F-A1EE238F2A9C}.Debug|Any CPU.ActiveCfg = Debug|Any CPU
		{CA1166C9-272B-439A-803F-A1EE238F2A9C}.Debug|Any CPU.Build.0 = Debug|Any CPU
		{CA1166C9-272B-439A-803F-A1EE238F2A9C}.Release|Any CPU.ActiveCfg = Release|Any CPU
		{CA1166C9-272B-439A-803F-A1EE238F2A9C}.Release|Any CPU.Build.0 = Release|Any CPU
	EndGlobalSection
	GlobalSection(SolutionProperties) = preSolution
		HideSolutionNode = FALSE
	EndGlobalSection
	GlobalSection(ExtensibilityGlobals) = postSolution
		SolutionGuid = {CDD5CD15-0B87-4A3E-A55F-FBA9F868F1E2}
	EndGlobalSection
EndGlobal
